
Microsoft Visual Studio Solution File, Format Version 12.00
# Visual Studio Version 17
VisualStudioVersion = 17.3.32819.101
MinimumVisualStudioVersion = 10.0.40219.1
Project("{9A19103F-16F7-4668-BE54-9A1E7A4F7556}") = "VMPROTECT", "VMPROTECT\VMPROTECT.csproj", "{178173FE-B8D4-4BAD-A86B-896BF40C4863}"
EndProject
Project("{2150E333-8FDC-42A3-9474-1A3956D46DE8}") = "Core", "Core", "{61EF71D6-D276-46DE-BED6-4225FA831FCC}"
EndProject
Project("{2150E333-8FDC-42A3-9474-1A3956D46DE8}") = "VCPU", "VCPU", "{914AACAC-B23A-462D-B1FF-C0720E0EED70}"
EndProject
Project("{2150E333-8FDC-42A3-9474-1A3956D46DE8}") = "VBUS", "VBUS", "{06BB2A08-3A0E-4B12-A107-6EA22194E4E7}"
EndProject
Project("{FAE04EC0-301F-11D3-BF4B-00C04F79EFBC}") = "VMPROTECT.VCPU", "VMPROTECT.VCPU\VMPROTECT.VCPU.csproj", "{AC46FD7B-95E4-4113-B15C-31721DB5CC7C}"
EndProject
Project("{FAE04EC0-301F-11D3-BF4B-00C04F79EFBC}") = "VMPROTECT.VSYSBUS", "VMPROTECT.VSYSBUS\VMPROTECT.VSYSBUS.csproj", "{15ABE4A0-8DB7-498A-9173-EA9E3A9F8571}"
EndProject
Project("{FAE04EC0-301F-11D3-BF4B-00C04F79EFBC}") = "VMPROTECT.VMEM", "VMPROTECT.VMEM\VMPROTECT.VMEM.csproj", "{50FE0AA0-8232-4ED0-8551-23A102E31C98}"
EndProject
Project("{FAE04EC0-301F-11D3-BF4B-00C04F79EFBC}") = "VMPROTECT.VNET", "VMPROTECT.VNET\VMPROTECT.VNET.csproj", "{575DE85A-1BB4-4C84-A28C-B13B530F7786}"
EndProject
Project("{FAE04EC0-301F-11D3-BF4B-00C04F79EFBC}") = "VMPROTECT.CORE", "VMPROTECT.CORE\VMPROTECT.CORE.csproj", "{387B7822-1075-47B7-B29E-9360AABFED22}"
EndProject
Global
	GlobalSection(SolutionConfigurationPlatforms) = preSolution
		Debug|Any CPU = Debug|Any CPU
		Release|Any CPU = Release|Any CPU
	EndGlobalSection
	GlobalSection(ProjectConfigurationPlatforms) = postSolution
		{178173FE-B8D4-4BAD-A86B-896BF40C4863}.Debug|Any CPU.ActiveCfg = Debug|Any CPU
		{178173FE-B8D4-4BAD-A86B-896BF40C4863}.Debug|Any CPU.Build.0 = Debug|Any CPU
		{178173FE-B8D4-4BAD-A86B-896BF40C4863}.Release|Any CPU.ActiveCfg = Release|Any CPU
		{178173FE-B8D4-4BAD-A86B-896BF40C4863}.Release|Any CPU.Build.0 = Release|Any CPU
		{AC46FD7B-95E4-4113-B15C-31721DB5CC7C}.Debug|Any CPU.ActiveCfg = Debug|Any CPU
		{AC46FD7B-95E4-4113-B15C-31721DB5CC7C}.Debug|Any CPU.Build.0 = Debug|Any CPU
		{AC46FD7B-95E4-4113-B15C-31721DB5CC7C}.Release|Any CPU.ActiveCfg = Release|Any CPU
		{AC46FD7B-95E4-4113-B15C-31721DB5CC7C}.Release|Any CPU.Build.0 = Release|Any CPU
		{15ABE4A0-8DB7-498A-9173-EA9E3A9F8571}.Debug|Any CPU.ActiveCfg = Debug|Any CPU
		{15ABE4A0-8DB7-498A-9173-EA9E3A9F8571}.Debug|Any CPU.Build.0 = Debug|Any CPU
		{15ABE4A0-8DB7-498A-9173-EA9E3A9F8571}.Release|Any CPU.ActiveCfg = Release|Any CPU
		{15ABE4A0-8DB7-498A-9173-EA9E3A9F8571}.Release|Any CPU.Build.0 = Release|Any CPU
		{50FE0AA0-8232-4ED0-8551-23A102E31C98}.Debug|Any CPU.ActiveCfg = Debug|Any CPU
		{50FE0AA0-8232-4ED0-8551-23A102E31C98}.Debug|Any CPU.Build.0 = Debug|Any CPU
		{50FE0AA0-8232-4ED0-8551-23A102E31C98}.Release|Any CPU.ActiveCfg = Release|Any CPU
		{50FE0AA0-8232-4ED0-8551-23A102E31C98}.Release|Any CPU.Build.0 = Release|Any CPU
		{575DE85A-1BB4-4C84-A28C-B13B530F7786}.Debug|Any CPU.ActiveCfg = Debug|Any CPU
		{575DE85A-1BB4-4C84-A28C-B13B530F7786}.Debug|Any CPU.Build.0 = Debug|Any CPU
		{575DE85A-1BB4-4C84-A28C-B13B530F7786}.Release|Any CPU.ActiveCfg = Release|Any CPU
		{575DE85A-1BB4-4C84-A28C-B13B530F7786}.Release|Any CPU.Build.0 = Release|Any CPU
		{387B7822-1075-47B7-B29E-9360AABFED22}.Debug|Any CPU.ActiveCfg = Debug|Any CPU
		{387B7822-1075-47B7-B29E-9360AABFED22}.Debug|Any CPU.Build.0 = Debug|Any CPU
		{387B7822-1075-47B7-B29E-9360AABFED22}.Release|Any CPU.ActiveCfg = Release|Any CPU
		{387B7822-1075-47B7-B29E-9360AABFED22}.Release|Any CPU.Build.0 = Release|Any CPU
	EndGlobalSection
	GlobalSection(SolutionProperties) = preSolution
		HideSolutionNode = FALSE
	EndGlobalSection
	GlobalSection(NestedProjects) = preSolution
		{914AACAC-B23A-462D-B1FF-C0720E0EED70} = {61EF71D6-D276-46DE-BED6-4225FA831FCC}
		{06BB2A08-3A0E-4B12-A107-6EA22194E4E7} = {61EF71D6-D276-46DE-BED6-4225FA831FCC}
		{AC46FD7B-95E4-4113-B15C-31721DB5CC7C} = {914AACAC-B23A-462D-B1FF-C0720E0EED70}
		{15ABE4A0-8DB7-498A-9173-EA9E3A9F8571} = {06BB2A08-3A0E-4B12-A107-6EA22194E4E7}
		{50FE0AA0-8232-4ED0-8551-23A102E31C98} = {06BB2A08-3A0E-4B12-A107-6EA22194E4E7}
		{575DE85A-1BB4-4C84-A28C-B13B530F7786} = {06BB2A08-3A0E-4B12-A107-6EA22194E4E7}
		{387B7822-1075-47B7-B29E-9360AABFED22} = {61EF71D6-D276-46DE-BED6-4225FA831FCC}
	EndGlobalSection
	GlobalSection(ExtensibilityGlobals) = postSolution
		SolutionGuid = {EB80561C-EF73-486B-A47F-E24C1F4E5FDB}
	EndGlobalSection
EndGlobal
